
Microsoft Visual Studio Solution File, Format Version 12.00
# Visual Studio Version 17
VisualStudioVersion = 17.11.35303.130
MinimumVisualStudioVersion = 10.0.40219.1
Project("{FAE04EC0-301F-11D3-BF4B-00C04F79EFBC}") = "Factory Method", "Factory Method\Factory Method.csproj", "{D96DC40A-0C82-4D05-B2D7-5D0E00AD6EF0}"
EndProject
Global
	GlobalSection(SolutionConfigurationPlatforms) = preSolution
		Debug|Any CPU = Debug|Any CPU
		Release|Any CPU = Release|Any CPU
	EndGlobalSection
	GlobalSection(ProjectConfigurationPlatforms) = postSolution
		{D96DC40A-0C82-4D05-B2D7-5D0E00AD6EF0}.Debug|Any CPU.ActiveCfg = Debug|Any CPU
		{D96DC40A-0C82-4D05-B2D7-5D0E00AD6EF0}.Debug|Any CPU.Build.0 = Debug|Any CPU
		{D96DC40A-0C82-4D05-B2D7-5D0E00AD6EF0}.Release|Any CPU.ActiveCfg = Release|Any CPU
		{D96DC40A-0C82-4D05-B2D7-5D0E00AD6EF0}.Release|Any CPU.Build.0 = Release|Any CPU
	EndGlobalSection
	GlobalSection(SolutionProperties) = preSolution
		HideSolutionNode = FALSE
	EndGlobalSection
	GlobalSection(ExtensibilityGlobals) = postSolution
		SolutionGuid = {E02176E3-AAB3-4C04-AB44-880795006792}
	EndGlobalSection
EndGlobal
